
Microsoft Visual Studio Solution File, Format Version 12.00
# Visual Studio Version 17
VisualStudioVersion = 17.3.32811.315
MinimumVisualStudioVersion = 10.0.40219.1
Project("{FAE04EC0-301F-11D3-BF4B-00C04F79EFBC}") = "MISA.Web08.QTKD.API.Khang", "MISA.Web08.QTKD.API.Khang\MISA.Web08.QTKD.API.Khang.csproj", "{2F52270F-80B9-4228-8691-DF3684AE4B00}"
EndProject
Project("{FAE04EC0-301F-11D3-BF4B-00C04F79EFBC}") = "MISA.WEB08.QTKD.BL.Khang", "MISA.WEB08.QTKD.BL.Khang\MISA.WEB08.QTKD.BL.Khang.csproj", "{FF04EB96-827C-4362-BB47-A9FF45A2E9FA}"
EndProject
Project("{FAE04EC0-301F-11D3-BF4B-00C04F79EFBC}") = "MISA.Web08.QTKD.DL.Khang", "MISA.Web08.QTKD.DL.Khang\MISA.Web08.QTKD.DL.Khang.csproj", "{333C66BF-38B5-49C5-B731-7F65AD67F957}"
EndProject
Project("{FAE04EC0-301F-11D3-BF4B-00C04F79EFBC}") = "MISA.Web08.QTKD.Common.Khang", "MISA.Web08.QTKD.Common.Khang\MISA.Web08.QTKD.Common.Khang.csproj", "{A97FCB0F-3B41-4281-A327-8A7CC8ACFE22}"
EndProject
Global
	GlobalSection(SolutionConfigurationPlatforms) = preSolution
		Debug|Any CPU = Debug|Any CPU
		Release|Any CPU = Release|Any CPU
	EndGlobalSection
	GlobalSection(ProjectConfigurationPlatforms) = postSolution
		{2F52270F-80B9-4228-8691-DF3684AE4B00}.Debug|Any CPU.ActiveCfg = Debug|Any CPU
		{2F52270F-80B9-4228-8691-DF3684AE4B00}.Debug|Any CPU.Build.0 = Debug|Any CPU
		{2F52270F-80B9-4228-8691-DF3684AE4B00}.Release|Any CPU.ActiveCfg = Release|Any CPU
		{2F52270F-80B9-4228-8691-DF3684AE4B00}.Release|Any CPU.Build.0 = Release|Any CPU
		{FF04EB96-827C-4362-BB47-A9FF45A2E9FA}.Debug|Any CPU.ActiveCfg = Debug|Any CPU
		{FF04EB96-827C-4362-BB47-A9FF45A2E9FA}.Debug|Any CPU.Build.0 = Debug|Any CPU
		{FF04EB96-827C-4362-BB47-A9FF45A2E9FA}.Release|Any CPU.ActiveCfg = Release|Any CPU
		{FF04EB96-827C-4362-BB47-A9FF45A2E9FA}.Release|Any CPU.Build.0 = Release|Any CPU
		{333C66BF-38B5-49C5-B731-7F65AD67F957}.Debug|Any CPU.ActiveCfg = Debug|Any CPU
		{333C66BF-38B5-49C5-B731-7F65AD67F957}.Debug|Any CPU.Build.0 = Debug|Any CPU
		{333C66BF-38B5-49C5-B731-7F65AD67F957}.Release|Any CPU.ActiveCfg = Release|Any CPU
		{333C66BF-38B5-49C5-B731-7F65AD67F957}.Release|Any CPU.Build.0 = Release|Any CPU
		{A97FCB0F-3B41-4281-A327-8A7CC8ACFE22}.Debug|Any CPU.ActiveCfg = Debug|Any CPU
		{A97FCB0F-3B41-4281-A327-8A7CC8ACFE22}.Debug|Any CPU.Build.0 = Debug|Any CPU
		{A97FCB0F-3B41-4281-A327-8A7CC8ACFE22}.Release|Any CPU.ActiveCfg = Release|Any CPU
		{A97FCB0F-3B41-4281-A327-8A7CC8ACFE22}.Release|Any CPU.Build.0 = Release|Any CPU
	EndGlobalSection
	GlobalSection(SolutionProperties) = preSolution
		HideSolutionNode = FALSE
	EndGlobalSection
	GlobalSection(ExtensibilityGlobals) = postSolution
		SolutionGuid = {794056E4-A590-4F6C-8250-0D887470B119}
	EndGlobalSection
EndGlobal
